// !$*UTF8*$!
{
	archiveVersion = 1;
	classes = {
	};
	objectVersion = 55;
	objects = {

/* Begin PBXBuildFile section */
		F6E6CF8C2860E8C4005437A3 /* AppDelegate.swift in Sources */ = {isa = PBXBuildFile; fileRef = F6E6CF8B2860E8C4005437A3 /* AppDelegate.swift */; };
		F6E6CF8E2860E8C4005437A3 /* SceneDelegate.swift in Sources */ = {isa = PBXBuildFile; fileRef = F6E6CF8D2860E8C4005437A3 /* SceneDelegate.swift */; };
		F6E6CF902860E8C4005437A3 /* TaskListVC.swift in Sources */ = {isa = PBXBuildFile; fileRef = F6E6CF8F2860E8C4005437A3 /* TaskListVC.swift */; };
		F6E6CF952860E8C5005437A3 /* Assets.xcassets in Resources */ = {isa = PBXBuildFile; fileRef = F6E6CF942860E8C5005437A3 /* Assets.xcassets */; };
		F6E6CF982860E8C5005437A3 /* LaunchScreen.storyboard in Resources */ = {isa = PBXBuildFile; fileRef = F6E6CF962860E8C5005437A3 /* LaunchScreen.storyboard */; };
		F6E6CFA32860E8C5005437A3 /* TableViewProject2Tests.swift in Sources */ = {isa = PBXBuildFile; fileRef = F6E6CFA22860E8C5005437A3 /* TableViewProject2Tests.swift */; };
		F6E6CFAD2860E8C5005437A3 /* TableViewProject2UITests.swift in Sources */ = {isa = PBXBuildFile; fileRef = F6E6CFAC2860E8C5005437A3 /* TableViewProject2UITests.swift */; };
		F6E6CFAF2860E8C5005437A3 /* TableViewProject2UITestsLaunchTests.swift in Sources */ = {isa = PBXBuildFile; fileRef = F6E6CFAE2860E8C5005437A3 /* TableViewProject2UITestsLaunchTests.swift */; };
		F6E6CFBC2860EE48005437A3 /* ProjectStarter.swift in Sources */ = {isa = PBXBuildFile; fileRef = F6E6CFBB2860EE48005437A3 /* ProjectStarter.swift */; };
		F6E6CFBE2860EF98005437A3 /* TaskListCell.swift in Sources */ = {isa = PBXBuildFile; fileRef = F6E6CFBD2860EF98005437A3 /* TaskListCell.swift */; };
		F6E6CFC02860FAD8005437A3 /* TaskListDetailVC.swift in Sources */ = {isa = PBXBuildFile; fileRef = F6E6CFBF2860FAD8005437A3 /* TaskListDetailVC.swift */; };
		F6E6CFC22860FC6A005437A3 /* TaskListDetailCell.swift in Sources */ = {isa = PBXBuildFile; fileRef = F6E6CFC12860FC6A005437A3 /* TaskListDetailCell.swift */; };
/* End PBXBuildFile section */

/* Begin PBXContainerItemProxy section */
		F6E6CF9F2860E8C5005437A3 /* PBXContainerItemProxy */ = {
			isa = PBXContainerItemProxy;
			containerPortal = F6E6CF802860E8C4005437A3 /* Project object */;
			proxyType = 1;
			remoteGlobalIDString = F6E6CF872860E8C4005437A3;
			remoteInfo = TableViewProject2;
		};
		F6E6CFA92860E8C5005437A3 /* PBXContainerItemProxy */ = {
			isa = PBXContainerItemProxy;
			containerPortal = F6E6CF802860E8C4005437A3 /* Project object */;
			proxyType = 1;
			remoteGlobalIDString = F6E6CF872860E8C4005437A3;
			remoteInfo = TableViewProject2;
		};
/* End PBXContainerItemProxy section */

/* Begin PBXFileReference section */
		F6E6CF882860E8C4005437A3 /* TableViewProject2.app */ = {isa = PBXFileReference; explicitFileType = wrapper.application; includeInIndex = 0; path = TableViewProject2.app; sourceTree = BUILT_PRODUCTS_DIR; };
		F6E6CF8B2860E8C4005437A3 /* AppDelegate.swift */ = {isa = PBXFileReference; lastKnownFileType = sourcecode.swift; path = AppDelegate.swift; sourceTree = "<group>"; };
		F6E6CF8D2860E8C4005437A3 /* SceneDelegate.swift */ = {isa = PBXFileReference; lastKnownFileType = sourcecode.swift; path = SceneDelegate.swift; sourceTree = "<group>"; };
		F6E6CF8F2860E8C4005437A3 /* TaskListVC.swift */ = {isa = PBXFileReference; lastKnownFileType = sourcecode.swift; path = TaskListVC.swift; sourceTree = "<group>"; };
		F6E6CF942860E8C5005437A3 /* Assets.xcassets */ = {isa = PBXFileReference; lastKnownFileType = folder.assetcatalog; path = Assets.xcassets; sourceTree = "<group>"; };
		F6E6CF972860E8C5005437A3 /* Base */ = {isa = PBXFileReference; lastKnownFileType = file.storyboard; name = Base; path = Base.lproj/LaunchScreen.storyboard; sourceTree = "<group>"; };
		F6E6CF992860E8C5005437A3 /* Info.plist */ = {isa = PBXFileReference; lastKnownFileType = text.plist.xml; path = Info.plist; sourceTree = "<group>"; };
		F6E6CF9E2860E8C5005437A3 /* TableViewProject2Tests.xctest */ = {isa = PBXFileReference; explicitFileType = wrapper.cfbundle; includeInIndex = 0; path = TableViewProject2Tests.xctest; sourceTree = BUILT_PRODUCTS_DIR; };
		F6E6CFA22860E8C5005437A3 /* TableViewProject2Tests.swift */ = {isa = PBXFileReference; lastKnownFileType = sourcecode.swift; path = TableViewProject2Tests.swift; sourceTree = "<group>"; };
		F6E6CFA82860E8C5005437A3 /* TableViewProject2UITests.xctest */ = {isa = PBXFileReference; explicitFileType = wrapper.cfbundle; includeInIndex = 0; path = TableViewProject2UITests.xctest; sourceTree = BUILT_PRODUCTS_DIR; };
		F6E6CFAC2860E8C5005437A3 /* TableViewProject2UITests.swift */ = {isa = PBXFileReference; lastKnownFileType = sourcecode.swift; path = TableViewProject2UITests.swift; sourceTree = "<group>"; };
		F6E6CFAE2860E8C5005437A3 /* TableViewProject2UITestsLaunchTests.swift */ = {isa = PBXFileReference; lastKnownFileType = sourcecode.swift; path = TableViewProject2UITestsLaunchTests.swift; sourceTree = "<group>"; };
		F6E6CFBB2860EE48005437A3 /* ProjectStarter.swift */ = {isa = PBXFileReference; fileEncoding = 4; lastKnownFileType = sourcecode.swift; name = ProjectStarter.swift; path = ../../../../Downloads/ProjectStarter.swift; sourceTree = "<group>"; };
		F6E6CFBD2860EF98005437A3 /* TaskListCell.swift */ = {isa = PBXFileReference; lastKnownFileType = sourcecode.swift; path = TaskListCell.swift; sourceTree = "<group>"; };
		F6E6CFBF2860FAD8005437A3 /* TaskListDetailVC.swift */ = {isa = PBXFileReference; lastKnownFileType = sourcecode.swift; path = TaskListDetailVC.swift; sourceTree = "<group>"; };
		F6E6CFC12860FC6A005437A3 /* TaskListDetailCell.swift */ = {isa = PBXFileReference; lastKnownFileType = sourcecode.swift; path = TaskListDetailCell.swift; sourceTree = "<group>"; };
/* End PBXFileReference section */

/* Begin PBXFrameworksBuildPhase section */
		F6E6CF852860E8C4005437A3 /* Frameworks */ = {
			isa = PBXFrameworksBuildPhase;
			buildActionMask = 2147483647;
			files = (
			);
			runOnlyForDeploymentPostprocessing = 0;
		};
		F6E6CF9B2860E8C5005437A3 /* Frameworks */ = {
			isa = PBXFrameworksBuildPhase;
			buildActionMask = 2147483647;
			files = (
			);
			runOnlyForDeploymentPostprocessing = 0;
		};
		F6E6CFA52860E8C5005437A3 /* Frameworks */ = {
			isa = PBXFrameworksBuildPhase;
			buildActionMask = 2147483647;
			files = (
			);
			runOnlyForDeploymentPostprocessing = 0;
		};
/* End PBXFrameworksBuildPhase section */

/* Begin PBXGroup section */
		F6E6CF7F2860E8C4005437A3 = {
			isa = PBXGroup;
			children = (
				F6E6CF8A2860E8C4005437A3 /* TableViewProject2 */,
				F6E6CFA12860E8C5005437A3 /* TableViewProject2Tests */,
				F6E6CFAB2860E8C5005437A3 /* TableViewProject2UITests */,
				F6E6CF892860E8C4005437A3 /* Products */,
			);
			sourceTree = "<group>";
		};
		F6E6CF892860E8C4005437A3 /* Products */ = {
			isa = PBXGroup;
			children = (
				F6E6CF882860E8C4005437A3 /* TableViewProject2.app */,
				F6E6CF9E2860E8C5005437A3 /* TableViewProject2Tests.xctest */,
				F6E6CFA82860E8C5005437A3 /* TableViewProject2UITests.xctest */,
			);
			name = Products;
			sourceTree = "<group>";
		};
		F6E6CF8A2860E8C4005437A3 /* TableViewProject2 */ = {
			isa = PBXGroup;
			children = (
				F6E6CFC42860FF44005437A3 /* Custom Table Cells */,
				F6E6CFC32860FF02005437A3 /* Custom VC */,
				F6E6CFBB2860EE48005437A3 /* ProjectStarter.swift */,
				F6E6CF8B2860E8C4005437A3 /* AppDelegate.swift */,
				F6E6CF8D2860E8C4005437A3 /* SceneDelegate.swift */,
				F6E6CF942860E8C5005437A3 /* Assets.xcassets */,
				F6E6CF962860E8C5005437A3 /* LaunchScreen.storyboard */,
				F6E6CF992860E8C5005437A3 /* Info.plist */,
			);
			path = TableViewProject2;
			sourceTree = "<group>";
		};
		F6E6CFA12860E8C5005437A3 /* TableViewProject2Tests */ = {
			isa = PBXGroup;
			children = (
				F6E6CFA22860E8C5005437A3 /* TableViewProject2Tests.swift */,
			);
			path = TableViewProject2Tests;
			sourceTree = "<group>";
		};
		F6E6CFAB2860E8C5005437A3 /* TableViewProject2UITests */ = {
			isa = PBXGroup;
			children = (
				F6E6CFAC2860E8C5005437A3 /* TableViewProject2UITests.swift */,
				F6E6CFAE2860E8C5005437A3 /* TableViewProject2UITestsLaunchTests.swift */,
			);
			path = TableViewProject2UITests;
			sourceTree = "<group>";
		};
		F6E6CFC32860FF02005437A3 /* Custom VC */ = {
			isa = PBXGroup;
			children = (
				F6E6CF8F2860E8C4005437A3 /* TaskListVC.swift */,
				F6E6CFBF2860FAD8005437A3 /* TaskListDetailVC.swift */,
			);
			path = "Custom VC";
			sourceTree = "<group>";
		};
		F6E6CFC42860FF44005437A3 /* Custom Table Cells */ = {
			isa = PBXGroup;
			children = (
				F6E6CFBD2860EF98005437A3 /* TaskListCell.swift */,
				F6E6CFC12860FC6A005437A3 /* TaskListDetailCell.swift */,
			);
			path = "Custom Table Cells";
			sourceTree = "<group>";
		};
/* End PBXGroup section */

/* Begin PBXNativeTarget section */
		F6E6CF872860E8C4005437A3 /* TableViewProject2 */ = {
			isa = PBXNativeTarget;
			buildConfigurationList = F6E6CFB22860E8C5005437A3 /* Build configuration list for PBXNativeTarget "TableViewProject2" */;
			buildPhases = (
				F6E6CF842860E8C4005437A3 /* Sources */,
				F6E6CF852860E8C4005437A3 /* Frameworks */,
				F6E6CF862860E8C4005437A3 /* Resources */,
			);
			buildRules = (
			);
			dependencies = (
			);
			name = TableViewProject2;
			productName = TableViewProject2;
			productReference = F6E6CF882860E8C4005437A3 /* TableViewProject2.app */;
			productType = "com.apple.product-type.application";
		};
		F6E6CF9D2860E8C5005437A3 /* TableViewProject2Tests */ = {
			isa = PBXNativeTarget;
			buildConfigurationList = F6E6CFB52860E8C5005437A3 /* Build configuration list for PBXNativeTarget "TableViewProject2Tests" */;
			buildPhases = (
				F6E6CF9A2860E8C5005437A3 /* Sources */,
				F6E6CF9B2860E8C5005437A3 /* Frameworks */,
				F6E6CF9C2860E8C5005437A3 /* Resources */,
			);
			buildRules = (
			);
			dependencies = (
				F6E6CFA02860E8C5005437A3 /* PBXTargetDependency */,
			);
			name = TableViewProject2Tests;
			productName = TableViewProject2Tests;
			productReference = F6E6CF9E2860E8C5005437A3 /* TableViewProject2Tests.xctest */;
			productType = "com.apple.product-type.bundle.unit-test";
		};
		F6E6CFA72860E8C5005437A3 /* TableViewProject2UITests */ = {
			isa = PBXNativeTarget;
			buildConfigurationList = F6E6CFB82860E8C5005437A3 /* Build configuration list for PBXNativeTarget "TableViewProject2UITests" */;
			buildPhases = (
				F6E6CFA42860E8C5005437A3 /* Sources */,
				F6E6CFA52860E8C5005437A3 /* Frameworks */,
				F6E6CFA62860E8C5005437A3 /* Resources */,
			);
			buildRules = (
			);
			dependencies = (
				F6E6CFAA2860E8C5005437A3 /* PBXTargetDependency */,
			);
			name = TableViewProject2UITests;
			productName = TableViewProject2UITests;
			productReference = F6E6CFA82860E8C5005437A3 /* TableViewProject2UITests.xctest */;
			productType = "com.apple.product-type.bundle.ui-testing";
		};
/* End PBXNativeTarget section */

/* Begin PBXProject section */
		F6E6CF802860E8C4005437A3 /* Project object */ = {
			isa = PBXProject;
			attributes = {
				BuildIndependentTargetsInParallel = 1;
				LastSwiftUpdateCheck = 1340;
				LastUpgradeCheck = 1340;
				TargetAttributes = {
					F6E6CF872860E8C4005437A3 = {
						CreatedOnToolsVersion = 13.4;
					};
					F6E6CF9D2860E8C5005437A3 = {
						CreatedOnToolsVersion = 13.4;
						TestTargetID = F6E6CF872860E8C4005437A3;
					};
					F6E6CFA72860E8C5005437A3 = {
						CreatedOnToolsVersion = 13.4;
						TestTargetID = F6E6CF872860E8C4005437A3;
					};
				};
			};
			buildConfigurationList = F6E6CF832860E8C4005437A3 /* Build configuration list for PBXProject "TableViewProject2" */;
			compatibilityVersion = "Xcode 13.0";
			developmentRegion = en;
			hasScannedForEncodings = 0;
			knownRegions = (
				en,
				Base,
			);
			mainGroup = F6E6CF7F2860E8C4005437A3;
			productRefGroup = F6E6CF892860E8C4005437A3 /* Products */;
			projectDirPath = "";
			projectRoot = "";
			targets = (
				F6E6CF872860E8C4005437A3 /* TableViewProject2 */,
				F6E6CF9D2860E8C5005437A3 /* TableViewProject2Tests */,
				F6E6CFA72860E8C5005437A3 /* TableViewProject2UITests */,
			);
		};
/* End PBXProject section */

/* Begin PBXResourcesBuildPhase section */
		F6E6CF862860E8C4005437A3 /* Resources */ = {
			isa = PBXResourcesBuildPhase;
			buildActionMask = 2147483647;
			files = (
				F6E6CF982860E8C5005437A3 /* LaunchScreen.storyboard in Resources */,
				F6E6CF952860E8C5005437A3 /* Assets.xcassets in Resources */,
			);
			runOnlyForDeploymentPostprocessing = 0;
		};
		F6E6CF9C2860E8C5005437A3 /* Resources */ = {
			isa = PBXResourcesBuildPhase;
			buildActionMask = 2147483647;
			files = (
			);
			runOnlyForDeploymentPostprocessing = 0;
		};
		F6E6CFA62860E8C5005437A3 /* Resources */ = {
			isa = PBXResourcesBuildPhase;
			buildActionMask = 2147483647;
			files = (
			);
			runOnlyForDeploymentPostprocessing = 0;
		};
/* End PBXResourcesBuildPhase section */

/* Begin PBXSourcesBuildPhase section */
		F6E6CF842860E8C4005437A3 /* Sources */ = {
			isa = PBXSourcesBuildPhase;
			buildActionMask = 2147483647;
			files = (
				F6E6CFC02860FAD8005437A3 /* TaskListDetailVC.swift in Sources */,
				F6E6CF902860E8C4005437A3 /* TaskListVC.swift in Sources */,
				F6E6CF8C2860E8C4005437A3 /* AppDelegate.swift in Sources */,
				F6E6CF8E2860E8C4005437A3 /* SceneDelegate.swift in Sources */,
				F6E6CFC22860FC6A005437A3 /* TaskListDetailCell.swift in Sources */,
				F6E6CFBC2860EE48005437A3 /* ProjectStarter.swift in Sources */,
				F6E6CFBE2860EF98005437A3 /* TaskListCell.swift in Sources */,
			);
			runOnlyForDeploymentPostprocessing = 0;
		};
		F6E6CF9A2860E8C5005437A3 /* Sources */ = {
			isa = PBXSourcesBuildPhase;
			buildActionMask = 2147483647;
			files = (
				F6E6CFA32860E8C5005437A3 /* TableViewProject2Tests.swift in Sources */,
			);
			runOnlyForDeploymentPostprocessing = 0;
		};
		F6E6CFA42860E8C5005437A3 /* Sources */ = {
			isa = PBXSourcesBuildPhase;
			buildActionMask = 2147483647;
			files = (
				F6E6CFAD2860E8C5005437A3 /* TableViewProject2UITests.swift in Sources */,
				F6E6CFAF2860E8C5005437A3 /* TableViewProject2UITestsLaunchTests.swift in Sources */,
			);
			runOnlyForDeploymentPostprocessing = 0;
		};
/* End PBXSourcesBuildPhase section */

/* Begin PBXTargetDependency section */
		F6E6CFA02860E8C5005437A3 /* PBXTargetDependency */ = {
			isa = PBXTargetDependency;
			target = F6E6CF872860E8C4005437A3 /* TableViewProject2 */;
			targetProxy = F6E6CF9F2860E8C5005437A3 /* PBXContainerItemProxy */;
		};
		F6E6CFAA2860E8C5005437A3 /* PBXTargetDependency */ = {
			isa = PBXTargetDependency;
			target = F6E6CF872860E8C4005437A3 /* TableViewProject2 */;
			targetProxy = F6E6CFA92860E8C5005437A3 /* PBXContainerItemProxy */;
		};
/* End PBXTargetDependency section */

/* Begin PBXVariantGroup section */
		F6E6CF962860E8C5005437A3 /* LaunchScreen.storyboard */ = {
			isa = PBXVariantGroup;
			children = (
				F6E6CF972860E8C5005437A3 /* Base */,
			);
			name = LaunchScreen.storyboard;
			sourceTree = "<group>";
		};
/* End PBXVariantGroup section */

/* Begin XCBuildConfiguration section */
		F6E6CFB02860E8C5005437A3 /* Debug */ = {
			isa = XCBuildConfiguration;
			buildSettings = {
				ALWAYS_SEARCH_USER_PATHS = NO;
				CLANG_ANALYZER_NONNULL = YES;
				CLANG_ANALYZER_NUMBER_OBJECT_CONVERSION = YES_AGGRESSIVE;
				CLANG_CXX_LANGUAGE_STANDARD = "gnu++17";
				CLANG_ENABLE_MODULES = YES;
				CLANG_ENABLE_OBJC_ARC = YES;
				CLANG_ENABLE_OBJC_WEAK = YES;
				CLANG_WARN_BLOCK_CAPTURE_AUTORELEASING = YES;
				CLANG_WARN_BOOL_CONVERSION = YES;
				CLANG_WARN_COMMA = YES;
				CLANG_WARN_CONSTANT_CONVERSION = YES;
				CLANG_WARN_DEPRECATED_OBJC_IMPLEMENTATIONS = YES;
				CLANG_WARN_DIRECT_OBJC_ISA_USAGE = YES_ERROR;
				CLANG_WARN_DOCUMENTATION_COMMENTS = YES;
				CLANG_WARN_EMPTY_BODY = YES;
				CLANG_WARN_ENUM_CONVERSION = YES;
				CLANG_WARN_INFINITE_RECURSION = YES;
				CLANG_WARN_INT_CONVERSION = YES;
				CLANG_WARN_NON_LITERAL_NULL_CONVERSION = YES;
				CLANG_WARN_OBJC_IMPLICIT_RETAIN_SELF = YES;
				CLANG_WARN_OBJC_LITERAL_CONVERSION = YES;
				CLANG_WARN_OBJC_ROOT_CLASS = YES_ERROR;
				CLANG_WARN_QUOTED_INCLUDE_IN_FRAMEWORK_HEADER = YES;
				CLANG_WARN_RANGE_LOOP_ANALYSIS = YES;
				CLANG_WARN_STRICT_PROTOTYPES = YES;
				CLANG_WARN_SUSPICIOUS_MOVE = YES;
				CLANG_WARN_UNGUARDED_AVAILABILITY = YES_AGGRESSIVE;
				CLANG_WARN_UNREACHABLE_CODE = YES;
				CLANG_WARN__DUPLICATE_METHOD_MATCH = YES;
				COPY_PHASE_STRIP = NO;
				DEBUG_INFORMATION_FORMAT = dwarf;
				ENABLE_STRICT_OBJC_MSGSEND = YES;
				ENABLE_TESTABILITY = YES;
				GCC_C_LANGUAGE_STANDARD = gnu11;
				GCC_DYNAMIC_NO_PIC = NO;
				GCC_NO_COMMON_BLOCKS = YES;
				GCC_OPTIMIZATION_LEVEL = 0;
				GCC_PREPROCESSOR_DEFINITIONS = (
					"DEBUG=1",
					"$(inherited)",
				);
				GCC_WARN_64_TO_32_BIT_CONVERSION = YES;
				GCC_WARN_ABOUT_RETURN_TYPE = YES_ERROR;
				GCC_WARN_UNDECLARED_SELECTOR = YES;
				GCC_WARN_UNINITIALIZED_AUTOS = YES_AGGRESSIVE;
				GCC_WARN_UNUSED_FUNCTION = YES;
				GCC_WARN_UNUSED_VARIABLE = YES;
				IPHONEOS_DEPLOYMENT_TARGET = 15.5;
				MTL_ENABLE_DEBUG_INFO = INCLUDE_SOURCE;
				MTL_FAST_MATH = YES;
				ONLY_ACTIVE_ARCH = YES;
				SDKROOT = iphoneos;
				SWIFT_ACTIVE_COMPILATION_CONDITIONS = DEBUG;
				SWIFT_OPTIMIZATION_LEVEL = "-Onone";
			};
			name = Debug;
		};
		F6E6CFB12860E8C5005437A3 /* Release */ = {
			isa = XCBuildConfiguration;
			buildSettings = {
				ALWAYS_SEARCH_USER_PATHS = NO;
				CLANG_ANALYZER_NONNULL = YES;
				CLANG_ANALYZER_NUMBER_OBJECT_CONVERSION = YES_AGGRESSIVE;
				CLANG_CXX_LANGUAGE_STANDARD = "gnu++17";
				CLANG_ENABLE_MODULES = YES;
				CLANG_ENABLE_OBJC_ARC = YES;
				CLANG_ENABLE_OBJC_WEAK = YES;
				CLANG_WARN_BLOCK_CAPTURE_AUTORELEASING = YES;
				CLANG_WARN_BOOL_CONVERSION = YES;
				CLANG_WARN_COMMA = YES;
				CLANG_WARN_CONSTANT_CONVERSION = YES;
				CLANG_WARN_DEPRECATED_OBJC_IMPLEMENTATIONS = YES;
				CLANG_WARN_DIRECT_OBJC_ISA_USAGE = YES_ERROR;
				CLANG_WARN_DOCUMENTATION_COMMENTS = YES;
				CLANG_WARN_EMPTY_BODY = YES;
				CLANG_WARN_ENUM_CONVERSION = YES;
				CLANG_WARN_INFINITE_RECURSION = YES;
				CLANG_WARN_INT_CONVERSION = YES;
				CLANG_WARN_NON_LITERAL_NULL_CONVERSION = YES;
				CLANG_WARN_OBJC_IMPLICIT_RETAIN_SELF = YES;
				CLANG_WARN_OBJC_LITERAL_CONVERSION = YES;
				CLANG_WARN_OBJC_ROOT_CLASS = YES_ERROR;
				CLANG_WARN_QUOTED_INCLUDE_IN_FRAMEWORK_HEADER = YES;
				CLANG_WARN_RANGE_LOOP_ANALYSIS = YES;
				CLANG_WARN_STRICT_PROTOTYPES = YES;
				CLANG_WARN_SUSPICIOUS_MOVE = YES;
				CLANG_WARN_UNGUARDED_AVAILABILITY = YES_AGGRESSIVE;
				CLANG_WARN_UNREACHABLE_CODE = YES;
				CLANG_WARN__DUPLICATE_METHOD_MATCH = YES;
				COPY_PHASE_STRIP = NO;
				DEBUG_INFORMATION_FORMAT = "dwarf-with-dsym";
				ENABLE_NS_ASSERTIONS = NO;
				ENABLE_STRICT_OBJC_MSGSEND = YES;
				GCC_C_LANGUAGE_STANDARD = gnu11;
				GCC_NO_COMMON_BLOCKS = YES;
				GCC_WARN_64_TO_32_BIT_CONVERSION = YES;
				GCC_WARN_ABOUT_RETURN_TYPE = YES_ERROR;
				GCC_WARN_UNDECLARED_SELECTOR = YES;
				GCC_WARN_UNINITIALIZED_AUTOS = YES_AGGRESSIVE;
				GCC_WARN_UNUSED_FUNCTION = YES;
				GCC_WARN_UNUSED_VARIABLE = YES;
				IPHONEOS_DEPLOYMENT_TARGET = 15.5;
				MTL_ENABLE_DEBUG_INFO = NO;
				MTL_FAST_MATH = YES;
				SDKROOT = iphoneos;
				SWIFT_COMPILATION_MODE = wholemodule;
				SWIFT_OPTIMIZATION_LEVEL = "-O";
				VALIDATE_PRODUCT = YES;
			};
			name = Release;
		};
		F6E6CFB32860E8C5005437A3 /* Debug */ = {
			isa = XCBuildConfiguration;
			buildSettings = {
				ASSETCATALOG_COMPILER_APPICON_NAME = AppIcon;
				ASSETCATALOG_COMPILER_GLOBAL_ACCENT_COLOR_NAME = AccentColor;
				CODE_SIGN_STYLE = Automatic;
				CURRENT_PROJECT_VERSION = 1;
				DEVELOPMENT_TEAM = 3K9N56469B;
				GENERATE_INFOPLIST_FILE = YES;
				INFOPLIST_FILE = TableViewProject2/Info.plist;
				INFOPLIST_KEY_UIApplicationSupportsIndirectInputEvents = YES;
				INFOPLIST_KEY_UILaunchStoryboardName = LaunchScreen;
				INFOPLIST_KEY_UISupportedInterfaceOrientations_iPad = "UIInterfaceOrientationPortrait UIInterfaceOrientationPortraitUpsideDown UIInterfaceOrientationLandscapeLeft UIInterfaceOrientationLandscapeRight";
				INFOPLIST_KEY_UISupportedInterfaceOrientations_iPhone = "UIInterfaceOrientationPortrait UIInterfaceOrientationLandscapeLeft UIInterfaceOrientationLandscapeRight";
				LD_RUNPATH_SEARCH_PATHS = (
					"$(inherited)",
					"@executable_path/Frameworks",
				);
				MARKETING_VERSION = 1.0;
				PRODUCT_BUNDLE_IDENTIFIER = com.atakangedik.TableViewProject2;
				PRODUCT_NAME = "$(TARGET_NAME)";
				SWIFT_EMIT_LOC_STRINGS = YES;
				SWIFT_VERSION = 5.0;
				TARGETED_DEVICE_FAMILY = "1,2";
			};
			name = Debug;
		};
		F6E6CFB42860E8C5005437A3 /* Release */ = {
			isa = XCBuildConfiguration;
			buildSettings = {
				ASSETCATALOG_COMPILER_APPICON_NAME = AppIcon;
				ASSETCATALOG_COMPILER_GLOBAL_ACCENT_COLOR_NAME = AccentColor;
				CODE_SIGN_STYLE = Automatic;
				CURRENT_PROJECT_VERSION = 1;
				DEVELOPMENT_TEAM = 3K9N56469B;
				GENERATE_INFOPLIST_FILE = YES;
				INFOPLIST_FILE = TableViewProject2/Info.plist;
				INFOPLIST_KEY_UIApplicationSupportsIndirectInputEvents = YES;
				INFOPLIST_KEY_UILaunchStoryboardName = LaunchScreen;
				INFOPLIST_KEY_UISupportedInterfaceOrientations_iPad = "UIInterfaceOrientationPortrait UIInterfaceOrientationPortraitUpsideDown UIInterfaceOrientationLandscapeLeft UIInterfaceOrientationLandscapeRight";
				INFOPLIST_KEY_UISupportedInterfaceOrientations_iPhone = "UIInterfaceOrientationPortrait UIInterfaceOrientationLandscapeLeft UIInterfaceOrientationLandscapeRight";
				LD_RUNPATH_SEARCH_PATHS = (
					"$(inherited)",
					"@executable_path/Frameworks",
				);
				MARKETING_VERSION = 1.0;
				PRODUCT_BUNDLE_IDENTIFIER = com.atakangedik.TableViewProject2;
				PRODUCT_NAME = "$(TARGET_NAME)";
				SWIFT_EMIT_LOC_STRINGS = YES;
				SWIFT_VERSION = 5.0;
				TARGETED_DEVICE_FAMILY = "1,2";
			};
			name = Release;
		};
		F6E6CFB62860E8C5005437A3 /* Debug */ = {
			isa = XCBuildConfiguration;
			buildSettings = {
				ALWAYS_EMBED_SWIFT_STANDARD_LIBRARIES = YES;
				BUNDLE_LOADER = "$(TEST_HOST)";
				CODE_SIGN_STYLE = Automatic;
				CURRENT_PROJECT_VERSION = 1;
				DEVELOPMENT_TEAM = 3K9N56469B;
				GENERATE_INFOPLIST_FILE = YES;
				IPHONEOS_DEPLOYMENT_TARGET = 15.5;
				MARKETING_VERSION = 1.0;
				PRODUCT_BUNDLE_IDENTIFIER = com.atakangedik.TableViewProject2Tests;
				PRODUCT_NAME = "$(TARGET_NAME)";
				SWIFT_EMIT_LOC_STRINGS = NO;
				SWIFT_VERSION = 5.0;
				TARGETED_DEVICE_FAMILY = "1,2";
				TEST_HOST = "$(BUILT_PRODUCTS_DIR)/TableViewProject2.app/TableViewProject2";
			};
			name = Debug;
		};
		F6E6CFB72860E8C5005437A3 /* Release */ = {
			isa = XCBuildConfiguration;
			buildSettings = {
				ALWAYS_EMBED_SWIFT_STANDARD_LIBRARIES = YES;
				BUNDLE_LOADER = "$(TEST_HOST)";
				CODE_SIGN_STYLE = Automatic;
				CURRENT_PROJECT_VERSION = 1;
				DEVELOPMENT_TEAM = 3K9N56469B;
				GENERATE_INFOPLIST_FILE = YES;
				IPHONEOS_DEPLOYMENT_TARGET = 15.5;
				MARKETING_VERSION = 1.0;
				PRODUCT_BUNDLE_IDENTIFIER = com.atakangedik.TableViewProject2Tests;
				PRODUCT_NAME = "$(TARGET_NAME)";
				SWIFT_EMIT_LOC_STRINGS = NO;
				SWIFT_VERSION = 5.0;
				TARGETED_DEVICE_FAMILY = "1,2";
				TEST_HOST = "$(BUILT_PRODUCTS_DIR)/TableViewProject2.app/TableViewProject2";
			};
			name = Release;
		};
		F6E6CFB92860E8C5005437A3 /* Debug */ = {
			isa = XCBuildConfiguration;
			buildSettings = {
				ALWAYS_EMBED_SWIFT_STANDARD_LIBRARIES = YES;
				CODE_SIGN_STYLE = Automatic;
				CURRENT_PROJECT_VERSION = 1;
				DEVELOPMENT_TEAM = 3K9N56469B;
				GENERATE_INFOPLIST_FILE = YES;
				MARKETING_VERSION = 1.0;
				PRODUCT_BUNDLE_IDENTIFIER = com.atakangedik.TableViewProject2UITests;
				PRODUCT_NAME = "$(TARGET_NAME)";
				SWIFT_EMIT_LOC_STRINGS = NO;
				SWIFT_VERSION = 5.0;
				TARGETED_DEVICE_FAMILY = "1,2";
				TEST_TARGET_NAME = TableViewProject2;
			};
			name = Debug;
		};
		F6E6CFBA2860E8C5005437A3 /* Release */ = {
			isa = XCBuildConfiguration;
			buildSettings = {
				ALWAYS_EMBED_SWIFT_STANDARD_LIBRARIES = YES;
				CODE_SIGN_STYLE = Automatic;
				CURRENT_PROJECT_VERSION = 1;
				DEVELOPMENT_TEAM = 3K9N56469B;
				GENERATE_INFOPLIST_FILE = YES;
				MARKETING_VERSION = 1.0;
				PRODUCT_BUNDLE_IDENTIFIER = com.atakangedik.TableViewProject2UITests;
				PRODUCT_NAME = "$(TARGET_NAME)";
				SWIFT_EMIT_LOC_STRINGS = NO;
				SWIFT_VERSION = 5.0;
				TARGETED_DEVICE_FAMILY = "1,2";
				TEST_TARGET_NAME = TableViewProject2;
			};
			name = Release;
		};
/* End XCBuildConfiguration section */

/* Begin XCConfigurationList section */
		F6E6CF832860E8C4005437A3 /* Build configuration list for PBXProject "TableViewProject2" */ = {
			isa = XCConfigurationList;
			buildConfigurations = (
				F6E6CFB02860E8C5005437A3 /* Debug */,
				F6E6CFB12860E8C5005437A3 /* Release */,
			);
			defaultConfigurationIsVisible = 0;
			defaultConfigurationName = Release;
		};
		F6E6CFB22860E8C5005437A3 /* Build configuration list for PBXNativeTarget "TableViewProject2" */ = {
			isa = XCConfigurationList;
			buildConfigurations = (
				F6E6CFB32860E8C5005437A3 /* Debug */,
				F6E6CFB42860E8C5005437A3 /* Release */,
			);
			defaultConfigurationIsVisible = 0;
			defaultConfigurationName = Release;
		};
		F6E6CFB52860E8C5005437A3 /* Build configuration list for PBXNativeTarget "TableViewProject2Tests" */ = {
			isa = XCConfigurationList;
			buildConfigurations = (
				F6E6CFB62860E8C5005437A3 /* Debug */,
				F6E6CFB72860E8C5005437A3 /* Release */,
			);
			defaultConfigurationIsVisible = 0;
			defaultConfigurationName = Release;
		};
		F6E6CFB82860E8C5005437A3 /* Build configuration list for PBXNativeTarget "TableViewProject2UITests" */ = {
			isa = XCConfigurationList;
			buildConfigurations = (
				F6E6CFB92860E8C5005437A3 /* Debug */,
				F6E6CFBA2860E8C5005437A3 /* Release */,
			);
			defaultConfigurationIsVisible = 0;
			defaultConfigurationName = Release;
		};
/* End XCConfigurationList section */
	};
	rootObject = F6E6CF802860E8C4005437A3 /* Project object */;
}
